
Microsoft Visual Studio Solution File, Format Version 12.00
# Visual Studio 15
VisualStudioVersion = 15.0.28307.1800
MinimumVisualStudioVersion = 10.0.40219.1
Project("{159641D6-6404-4A2A-AE62-294DE0FE8301}") = "Vehicle purchase and view", "Vehicle purchase and view\Vehicle purchase and view.dtproj", "{95441D19-7FF6-4AE5-84F1-A8BE86C76B03}"
EndProject
Global
	GlobalSection(SolutionConfigurationPlatforms) = preSolution
		Development|Default = Development|Default
	EndGlobalSection
	GlobalSection(ProjectConfigurationPlatforms) = postSolution
		{95441D19-7FF6-4AE5-84F1-A8BE86C76B03}.Development|Default.ActiveCfg = Development
		{95441D19-7FF6-4AE5-84F1-A8BE86C76B03}.Development|Default.Build.0 = Development
	EndGlobalSection
	GlobalSection(SolutionProperties) = preSolution
		HideSolutionNode = FALSE
	EndGlobalSection
	GlobalSection(ExtensibilityGlobals) = postSolution
		SolutionGuid = {BB6C78A2-1AE9-4CE3-8F00-5F78DFEE9F88}
	EndGlobalSection
EndGlobal
